
Microsoft Visual Studio Solution File, Format Version 12.00
# Visual Studio Version 17
VisualStudioVersion = 17.3.32825.248
MinimumVisualStudioVersion = 10.0.40219.1
Project("{8BC9CEB8-8B4A-11D0-8D11-00A0C91BC942}") = "Collision3D", "Collision3D\Collision3D.vcxproj", "{BD6F939D-0A7F-45ED-A587-056745A51C38}"
EndProject
Global
	GlobalSection(SolutionConfigurationPlatforms) = preSolution
		Debug|x64 = Debug|x64
		Release|x64 = Release|x64
	EndGlobalSection
	GlobalSection(ProjectConfigurationPlatforms) = postSolution
		{BD6F939D-0A7F-45ED-A587-056745A51C38}.Debug|x64.ActiveCfg = Debug|x64
		{BD6F939D-0A7F-45ED-A587-056745A51C38}.Debug|x64.Build.0 = Debug|x64
		{BD6F939D-0A7F-45ED-A587-056745A51C38}.Release|x64.ActiveCfg = Release|x64
		{BD6F939D-0A7F-45ED-A587-056745A51C38}.Release|x64.Build.0 = Release|x64
	EndGlobalSection
	GlobalSection(SolutionProperties) = preSolution
		HideSolutionNode = FALSE
	EndGlobalSection
	GlobalSection(ExtensibilityGlobals) = postSolution
		SolutionGuid = {B37D4B1F-4755-4779-8FB7-781DAE6C248F}
	EndGlobalSection
EndGlobal
